
Microsoft Visual Studio Solution File, Format Version 12.00
# Visual Studio Version 17
VisualStudioVersion = 17.5.33516.290
MinimumVisualStudioVersion = 10.0.40219.1
Project("{FAE04EC0-301F-11D3-BF4B-00C04F79EFBC}") = "UniversityAPI", "UniversityAPI\UniversityAPI.csproj", "{A3130044-6022-475F-9B29-BD9321BA136F}"
EndProject
Global
	GlobalSection(SolutionConfigurationPlatforms) = preSolution
		Debug|Any CPU = Debug|Any CPU
		Release|Any CPU = Release|Any CPU
	EndGlobalSection
	GlobalSection(ProjectConfigurationPlatforms) = postSolution
		{A3130044-6022-475F-9B29-BD9321BA136F}.Debug|Any CPU.ActiveCfg = Debug|Any CPU
		{A3130044-6022-475F-9B29-BD9321BA136F}.Debug|Any CPU.Build.0 = Debug|Any CPU
		{A3130044-6022-475F-9B29-BD9321BA136F}.Release|Any CPU.ActiveCfg = Release|Any CPU
		{A3130044-6022-475F-9B29-BD9321BA136F}.Release|Any CPU.Build.0 = Release|Any CPU
	EndGlobalSection
	GlobalSection(SolutionProperties) = preSolution
		HideSolutionNode = FALSE
	EndGlobalSection
	GlobalSection(ExtensibilityGlobals) = postSolution
		SolutionGuid = {81E2B8EB-0F60-4653-B292-06220DA6BAD2}
	EndGlobalSection
EndGlobal
